
Microsoft Visual Studio Solution File, Format Version 12.00
# Visual Studio Version 16
VisualStudioVersion = 16.0.31702.278
MinimumVisualStudioVersion = 10.0.40219.1
Project("{FAE04EC0-301F-11D3-BF4B-00C04F79EFBC}") = "ApiTestTrueHome", "ApiTestTrueHome\ApiTestTrueHome.csproj", "{13AD9682-2B06-41CC-9A1E-3CB3624307CC}"
EndProject
Global
	GlobalSection(SolutionConfigurationPlatforms) = preSolution
		Debug|Any CPU = Debug|Any CPU
		Release|Any CPU = Release|Any CPU
	EndGlobalSection
	GlobalSection(ProjectConfigurationPlatforms) = postSolution
		{13AD9682-2B06-41CC-9A1E-3CB3624307CC}.Debug|Any CPU.ActiveCfg = Debug|Any CPU
		{13AD9682-2B06-41CC-9A1E-3CB3624307CC}.Debug|Any CPU.Build.0 = Debug|Any CPU
		{13AD9682-2B06-41CC-9A1E-3CB3624307CC}.Release|Any CPU.ActiveCfg = Release|Any CPU
		{13AD9682-2B06-41CC-9A1E-3CB3624307CC}.Release|Any CPU.Build.0 = Release|Any CPU
	EndGlobalSection
	GlobalSection(SolutionProperties) = preSolution
		HideSolutionNode = FALSE
	EndGlobalSection
	GlobalSection(ExtensibilityGlobals) = postSolution
		SolutionGuid = {3CD0CDE1-0A07-4B42-A4F5-71127C230A64}
	EndGlobalSection
EndGlobal
